// !$*UTF8*$!
{
	archiveVersion = 1;
	classes = {
	};
	objectVersion = 56;
	objects = {

/* Begin PBXBuildFile section */
		EC8A69902987C05B00C62DA7 /* AppDelegate.swift in Sources */ = {isa = PBXBuildFile; fileRef = EC8A698F2987C05B00C62DA7 /* AppDelegate.swift */; };
		EC8A69942987C05B00C62DA7 /* MainViewController.swift in Sources */ = {isa = PBXBuildFile; fileRef = EC8A69932987C05B00C62DA7 /* MainViewController.swift */; };
		EC8A69992987C05C00C62DA7 /* Assets.xcassets in Resources */ = {isa = PBXBuildFile; fileRef = EC8A69982987C05C00C62DA7 /* Assets.xcassets */; };
		EC8A699C2987C05C00C62DA7 /* LaunchScreen.storyboard in Resources */ = {isa = PBXBuildFile; fileRef = EC8A699A2987C05C00C62DA7 /* LaunchScreen.storyboard */; };
		EC8A69AE2987DDCE00C62DA7 /* MainView.swift in Sources */ = {isa = PBXBuildFile; fileRef = EC8A69AD2987DDCE00C62DA7 /* MainView.swift */; };
		EC8A69B02987DF6000C62DA7 /* MainViewController+TableView.swift in Sources */ = {isa = PBXBuildFile; fileRef = EC8A69AF2987DF6000C62DA7 /* MainViewController+TableView.swift */; };
		EC8A69B22987E68300C62DA7 /* MainViewModel.swift in Sources */ = {isa = PBXBuildFile; fileRef = EC8A69B12987E68300C62DA7 /* MainViewModel.swift */; };
		EC8A69B42988161A00C62DA7 /* NetworkConstant.swift in Sources */ = {isa = PBXBuildFile; fileRef = EC8A69B32988161A00C62DA7 /* NetworkConstant.swift */; };
		EC8A69B62988198A00C62DA7 /* APICaller.swift in Sources */ = {isa = PBXBuildFile; fileRef = EC8A69B52988198A00C62DA7 /* APICaller.swift */; };
		EC8A69B829881A3A00C62DA7 /* TrendingMoviesModel.swift in Sources */ = {isa = PBXBuildFile; fileRef = EC8A69B729881A3A00C62DA7 /* TrendingMoviesModel.swift */; };
		EC8A69BA2988483C00C62DA7 /* Observable.swift in Sources */ = {isa = PBXBuildFile; fileRef = EC8A69B92988483C00C62DA7 /* Observable.swift */; };
		EC8A69BD298856C500C62DA7 /* MovieTableViewCell.swift in Sources */ = {isa = PBXBuildFile; fileRef = EC8A69BC298856C500C62DA7 /* MovieTableViewCell.swift */; };
		EC8A69C129885F1A00C62DA7 /* UIViewExtensions.swift in Sources */ = {isa = PBXBuildFile; fileRef = EC8A69C029885F1A00C62DA7 /* UIViewExtensions.swift */; };
		EC8A69C32988616300C62DA7 /* MovieTableCellViewModel.swift in Sources */ = {isa = PBXBuildFile; fileRef = EC8A69C22988616300C62DA7 /* MovieTableCellViewModel.swift */; };
		EC8A69C62988648700C62DA7 /* SDWebImage in Frameworks */ = {isa = PBXBuildFile; productRef = EC8A69C52988648700C62DA7 /* SDWebImage */; };
		ECC2821329890EDE00E7048F /* DetailsMovieViewController.swift in Sources */ = {isa = PBXBuildFile; fileRef = ECC2821229890EDE00E7048F /* DetailsMovieViewController.swift */; };
		ECC2821529890F3700E7048F /* DetailsMovieView.swift in Sources */ = {isa = PBXBuildFile; fileRef = ECC2821429890F3700E7048F /* DetailsMovieView.swift */; };
		ECC282172989174600E7048F /* DetailMovieviewModel.swift in Sources */ = {isa = PBXBuildFile; fileRef = ECC282162989174600E7048F /* DetailMovieviewModel.swift */; };
/* End PBXBuildFile section */

/* Begin PBXFileReference section */
		EC8A698C2987C05B00C62DA7 /* MovieTrendingMVVM.app */ = {isa = PBXFileReference; explicitFileType = wrapper.application; includeInIndex = 0; path = MovieTrendingMVVM.app; sourceTree = BUILT_PRODUCTS_DIR; };
		EC8A698F2987C05B00C62DA7 /* AppDelegate.swift */ = {isa = PBXFileReference; lastKnownFileType = sourcecode.swift; path = AppDelegate.swift; sourceTree = "<group>"; };
		EC8A69932987C05B00C62DA7 /* MainViewController.swift */ = {isa = PBXFileReference; lastKnownFileType = sourcecode.swift; path = MainViewController.swift; sourceTree = "<group>"; };
		EC8A69982987C05C00C62DA7 /* Assets.xcassets */ = {isa = PBXFileReference; lastKnownFileType = folder.assetcatalog; path = Assets.xcassets; sourceTree = "<group>"; };
		EC8A699B2987C05C00C62DA7 /* Base */ = {isa = PBXFileReference; lastKnownFileType = file.storyboard; name = Base; path = Base.lproj/LaunchScreen.storyboard; sourceTree = "<group>"; };
		EC8A699D2987C05C00C62DA7 /* Info.plist */ = {isa = PBXFileReference; lastKnownFileType = text.plist.xml; path = Info.plist; sourceTree = "<group>"; };
		EC8A69AD2987DDCE00C62DA7 /* MainView.swift */ = {isa = PBXFileReference; lastKnownFileType = sourcecode.swift; path = MainView.swift; sourceTree = "<group>"; };
		EC8A69AF2987DF6000C62DA7 /* MainViewController+TableView.swift */ = {isa = PBXFileReference; lastKnownFileType = sourcecode.swift; path = "MainViewController+TableView.swift"; sourceTree = "<group>"; };
		EC8A69B12987E68300C62DA7 /* MainViewModel.swift */ = {isa = PBXFileReference; lastKnownFileType = sourcecode.swift; path = MainViewModel.swift; sourceTree = "<group>"; };
		EC8A69B32988161A00C62DA7 /* NetworkConstant.swift */ = {isa = PBXFileReference; lastKnownFileType = sourcecode.swift; path = NetworkConstant.swift; sourceTree = "<group>"; };
		EC8A69B52988198A00C62DA7 /* APICaller.swift */ = {isa = PBXFileReference; lastKnownFileType = sourcecode.swift; path = APICaller.swift; sourceTree = "<group>"; };
		EC8A69B729881A3A00C62DA7 /* TrendingMoviesModel.swift */ = {isa = PBXFileReference; lastKnownFileType = sourcecode.swift; path = TrendingMoviesModel.swift; sourceTree = "<group>"; };
		EC8A69B92988483C00C62DA7 /* Observable.swift */ = {isa = PBXFileReference; lastKnownFileType = sourcecode.swift; path = Observable.swift; sourceTree = "<group>"; };
		EC8A69BC298856C500C62DA7 /* MovieTableViewCell.swift */ = {isa = PBXFileReference; lastKnownFileType = sourcecode.swift; path = MovieTableViewCell.swift; sourceTree = "<group>"; };
		EC8A69C029885F1A00C62DA7 /* UIViewExtensions.swift */ = {isa = PBXFileReference; lastKnownFileType = sourcecode.swift; path = UIViewExtensions.swift; sourceTree = "<group>"; };
		EC8A69C22988616300C62DA7 /* MovieTableCellViewModel.swift */ = {isa = PBXFileReference; lastKnownFileType = sourcecode.swift; path = MovieTableCellViewModel.swift; sourceTree = "<group>"; };
		ECC2821229890EDE00E7048F /* DetailsMovieViewController.swift */ = {isa = PBXFileReference; lastKnownFileType = sourcecode.swift; path = DetailsMovieViewController.swift; sourceTree = "<group>"; };
		ECC2821429890F3700E7048F /* DetailsMovieView.swift */ = {isa = PBXFileReference; lastKnownFileType = sourcecode.swift; path = DetailsMovieView.swift; sourceTree = "<group>"; };
		ECC282162989174600E7048F /* DetailMovieviewModel.swift */ = {isa = PBXFileReference; lastKnownFileType = sourcecode.swift; path = DetailMovieviewModel.swift; sourceTree = "<group>"; };
/* End PBXFileReference section */

/* Begin PBXFrameworksBuildPhase section */
		EC8A69892987C05B00C62DA7 /* Frameworks */ = {
			isa = PBXFrameworksBuildPhase;
			buildActionMask = 2147483647;
			files = (
				EC8A69C62988648700C62DA7 /* SDWebImage in Frameworks */,
			);
			runOnlyForDeploymentPostprocessing = 0;
		};
/* End PBXFrameworksBuildPhase section */

/* Begin PBXGroup section */
		EC8A69832987C05B00C62DA7 = {
			isa = PBXGroup;
			children = (
				EC8A698E2987C05B00C62DA7 /* MovieTrendingMVVM */,
				EC8A698D2987C05B00C62DA7 /* Products */,
			);
			sourceTree = "<group>";
		};
		EC8A698D2987C05B00C62DA7 /* Products */ = {
			isa = PBXGroup;
			children = (
				EC8A698C2987C05B00C62DA7 /* MovieTrendingMVVM.app */,
			);
			name = Products;
			sourceTree = "<group>";
		};
		EC8A698E2987C05B00C62DA7 /* MovieTrendingMVVM */ = {
			isa = PBXGroup;
			children = (
				EC8A69AA2987D52900C62DA7 /* Classes */,
				EC8A69AC2987D55400C62DA7 /* Networking */,
				EC8A69AB2987D53E00C62DA7 /* Extensions */,
				EC8A69A92987D52300C62DA7 /* Model */,
				EC8A69A62987D50500C62DA7 /* View */,
				EC8A69A82987D51800C62DA7 /* Controllers */,
				EC8A69A72987D50D00C62DA7 /* ViewModel */,
				EC8A69A42987C52C00C62DA7 /* App */,
				EC8A69A32987C2CF00C62DA7 /* Resources */,
			);
			path = MovieTrendingMVVM;
			sourceTree = "<group>";
		};
		EC8A69A32987C2CF00C62DA7 /* Resources */ = {
			isa = PBXGroup;
			children = (
				EC8A69982987C05C00C62DA7 /* Assets.xcassets */,
				EC8A699A2987C05C00C62DA7 /* LaunchScreen.storyboard */,
				EC8A699D2987C05C00C62DA7 /* Info.plist */,
			);
			path = Resources;
			sourceTree = "<group>";
		};
		EC8A69A42987C52C00C62DA7 /* App */ = {
			isa = PBXGroup;
			children = (
				EC8A698F2987C05B00C62DA7 /* AppDelegate.swift */,
			);
			name = App;
			sourceTree = "<group>";
		};
		EC8A69A52987C53A00C62DA7 /* MainViewController */ = {
			isa = PBXGroup;
			children = (
				EC8A69932987C05B00C62DA7 /* MainViewController.swift */,
				EC8A69AF2987DF6000C62DA7 /* MainViewController+TableView.swift */,
				ECBF2B6529ACB99600704BBF /* MainView */,
			);
			path = MainViewController;
			sourceTree = "<group>";
		};
		EC8A69A62987D50500C62DA7 /* View */ = {
			isa = PBXGroup;
			children = (
				EC8A69BB2988566800C62DA7 /* MainMovieCell */,
			);
			path = View;
			sourceTree = "<group>";
		};
		EC8A69A72987D50D00C62DA7 /* ViewModel */ = {
			isa = PBXGroup;
			children = (
				EC8A69B12987E68300C62DA7 /* MainViewModel.swift */,
				EC8A69C22988616300C62DA7 /* MovieTableCellViewModel.swift */,
				ECC282162989174600E7048F /* DetailMovieviewModel.swift */,
			);
			path = ViewModel;
			sourceTree = "<group>";
		};
		EC8A69A82987D51800C62DA7 /* Controllers */ = {
			isa = PBXGroup;
			children = (
				ECC2821129890EBE00E7048F /* DetailsMovieViewController */,
				EC8A69A52987C53A00C62DA7 /* MainViewController */,
			);
			path = Controllers;
			sourceTree = "<group>";
		};
		EC8A69A92987D52300C62DA7 /* Model */ = {
			isa = PBXGroup;
			children = (
				EC8A69B729881A3A00C62DA7 /* TrendingMoviesModel.swift */,
			);
			path = Model;
			sourceTree = "<group>";
		};
		EC8A69AA2987D52900C62DA7 /* Classes */ = {
			isa = PBXGroup;
			children = (
				EC8A69B92988483C00C62DA7 /* Observable.swift */,
			);
			path = Classes;
			sourceTree = "<group>";
		};
		EC8A69AB2987D53E00C62DA7 /* Extensions */ = {
			isa = PBXGroup;
			children = (
				EC8A69C029885F1A00C62DA7 /* UIViewExtensions.swift */,
			);
			path = Extensions;
			sourceTree = "<group>";
		};
		EC8A69AC2987D55400C62DA7 /* Networking */ = {
			isa = PBXGroup;
			children = (
				EC8A69B32988161A00C62DA7 /* NetworkConstant.swift */,
				EC8A69B52988198A00C62DA7 /* APICaller.swift */,
			);
			path = Networking;
			sourceTree = "<group>";
		};
		EC8A69BB2988566800C62DA7 /* MainMovieCell */ = {
			isa = PBXGroup;
			children = (
				EC8A69BC298856C500C62DA7 /* MovieTableViewCell.swift */,
			);
			path = MainMovieCell;
			sourceTree = "<group>";
		};
		ECBF2B6529ACB99600704BBF /* MainView */ = {
			isa = PBXGroup;
			children = (
				EC8A69AD2987DDCE00C62DA7 /* MainView.swift */,
			);
			path = MainView;
			sourceTree = "<group>";
		};
		ECBF2B6629ACB9B100704BBF /* DetailView */ = {
			isa = PBXGroup;
			children = (
				ECC2821429890F3700E7048F /* DetailsMovieView.swift */,
			);
			path = DetailView;
			sourceTree = "<group>";
		};
		ECC2821129890EBE00E7048F /* DetailsMovieViewController */ = {
			isa = PBXGroup;
			children = (
				ECC2821229890EDE00E7048F /* DetailsMovieViewController.swift */,
				ECBF2B6629ACB9B100704BBF /* DetailView */,
			);
			path = DetailsMovieViewController;
			sourceTree = "<group>";
		};
/* End PBXGroup section */

/* Begin PBXNativeTarget section */
		EC8A698B2987C05B00C62DA7 /* MovieTrendingMVVM */ = {
			isa = PBXNativeTarget;
			buildConfigurationList = EC8A69A02987C05C00C62DA7 /* Build configuration list for PBXNativeTarget "MovieTrendingMVVM" */;
			buildPhases = (
				EC8A69882987C05B00C62DA7 /* Sources */,
				EC8A69892987C05B00C62DA7 /* Frameworks */,
				EC8A698A2987C05B00C62DA7 /* Resources */,
			);
			buildRules = (
			);
			dependencies = (
			);
			name = MovieTrendingMVVM;
			packageProductDependencies = (
				EC8A69C52988648700C62DA7 /* SDWebImage */,
			);
			productName = MovieTrendingMVVM;
			productReference = EC8A698C2987C05B00C62DA7 /* MovieTrendingMVVM.app */;
			productType = "com.apple.product-type.application";
		};
/* End PBXNativeTarget section */

/* Begin PBXProject section */
		EC8A69842987C05B00C62DA7 /* Project object */ = {
			isa = PBXProject;
			attributes = {
				BuildIndependentTargetsInParallel = 1;
				LastSwiftUpdateCheck = 1400;
				LastUpgradeCheck = 1400;
				TargetAttributes = {
					EC8A698B2987C05B00C62DA7 = {
						CreatedOnToolsVersion = 14.0.1;
					};
				};
			};
			buildConfigurationList = EC8A69872987C05B00C62DA7 /* Build configuration list for PBXProject "MovieTrendingMVVM" */;
			compatibilityVersion = "Xcode 14.0";
			developmentRegion = en;
			hasScannedForEncodings = 0;
			knownRegions = (
				en,
				Base,
			);
			mainGroup = EC8A69832987C05B00C62DA7;
			packageReferences = (
				EC8A69C42988648700C62DA7 /* XCRemoteSwiftPackageReference "SDWebImage" */,
			);
			productRefGroup = EC8A698D2987C05B00C62DA7 /* Products */;
			projectDirPath = "";
			projectRoot = "";
			targets = (
				EC8A698B2987C05B00C62DA7 /* MovieTrendingMVVM */,
			);
		};
/* End PBXProject section */

/* Begin PBXResourcesBuildPhase section */
		EC8A698A2987C05B00C62DA7 /* Resources */ = {
			isa = PBXResourcesBuildPhase;
			buildActionMask = 2147483647;
			files = (
				EC8A699C2987C05C00C62DA7 /* LaunchScreen.storyboard in Resources */,
				EC8A69992987C05C00C62DA7 /* Assets.xcassets in Resources */,
			);
			runOnlyForDeploymentPostprocessing = 0;
		};
/* End PBXResourcesBuildPhase section */

/* Begin PBXSourcesBuildPhase section */
		EC8A69882987C05B00C62DA7 /* Sources */ = {
			isa = PBXSourcesBuildPhase;
			buildActionMask = 2147483647;
			files = (
				EC8A69B22987E68300C62DA7 /* MainViewModel.swift in Sources */,
				EC8A69942987C05B00C62DA7 /* MainViewController.swift in Sources */,
				EC8A69AE2987DDCE00C62DA7 /* MainView.swift in Sources */,
				EC8A69B62988198A00C62DA7 /* APICaller.swift in Sources */,
				EC8A69BA2988483C00C62DA7 /* Observable.swift in Sources */,
				EC8A69C32988616300C62DA7 /* MovieTableCellViewModel.swift in Sources */,
				EC8A69BD298856C500C62DA7 /* MovieTableViewCell.swift in Sources */,
				EC8A69902987C05B00C62DA7 /* AppDelegate.swift in Sources */,
				EC8A69B42988161A00C62DA7 /* NetworkConstant.swift in Sources */,
				ECC2821329890EDE00E7048F /* DetailsMovieViewController.swift in Sources */,
				ECC282172989174600E7048F /* DetailMovieviewModel.swift in Sources */,
				EC8A69B02987DF6000C62DA7 /* MainViewController+TableView.swift in Sources */,
				EC8A69C129885F1A00C62DA7 /* UIViewExtensions.swift in Sources */,
				ECC2821529890F3700E7048F /* DetailsMovieView.swift in Sources */,
				EC8A69B829881A3A00C62DA7 /* TrendingMoviesModel.swift in Sources */,
			);
			runOnlyForDeploymentPostprocessing = 0;
		};
/* End PBXSourcesBuildPhase section */

/* Begin PBXVariantGroup section */
		EC8A699A2987C05C00C62DA7 /* LaunchScreen.storyboard */ = {
			isa = PBXVariantGroup;
			children = (
				EC8A699B2987C05C00C62DA7 /* Base */,
			);
			name = LaunchScreen.storyboard;
			sourceTree = "<group>";
		};
/* End PBXVariantGroup section */

/* Begin XCBuildConfiguration section */
		EC8A699E2987C05C00C62DA7 /* Debug */ = {
			isa = XCBuildConfiguration;
			buildSettings = {
				ALWAYS_SEARCH_USER_PATHS = NO;
				CLANG_ANALYZER_NONNULL = YES;
				CLANG_ANALYZER_NUMBER_OBJECT_CONVERSION = YES_AGGRESSIVE;
				CLANG_CXX_LANGUAGE_STANDARD = "gnu++20";
				CLANG_ENABLE_MODULES = YES;
				CLANG_ENABLE_OBJC_ARC = YES;
				CLANG_ENABLE_OBJC_WEAK = YES;
				CLANG_WARN_BLOCK_CAPTURE_AUTORELEASING = YES;
				CLANG_WARN_BOOL_CONVERSION = YES;
				CLANG_WARN_COMMA = YES;
				CLANG_WARN_CONSTANT_CONVERSION = YES;
				CLANG_WARN_DEPRECATED_OBJC_IMPLEMENTATIONS = YES;
				CLANG_WARN_DIRECT_OBJC_ISA_USAGE = YES_ERROR;
				CLANG_WARN_DOCUMENTATION_COMMENTS = YES;
				CLANG_WARN_EMPTY_BODY = YES;
				CLANG_WARN_ENUM_CONVERSION = YES;
				CLANG_WARN_INFINITE_RECURSION = YES;
				CLANG_WARN_INT_CONVERSION = YES;
				CLANG_WARN_NON_LITERAL_NULL_CONVERSION = YES;
				CLANG_WARN_OBJC_IMPLICIT_RETAIN_SELF = YES;
				CLANG_WARN_OBJC_LITERAL_CONVERSION = YES;
				CLANG_WARN_OBJC_ROOT_CLASS = YES_ERROR;
				CLANG_WARN_QUOTED_INCLUDE_IN_FRAMEWORK_HEADER = YES;
				CLANG_WARN_RANGE_LOOP_ANALYSIS = YES;
				CLANG_WARN_STRICT_PROTOTYPES = YES;
				CLANG_WARN_SUSPICIOUS_MOVE = YES;
				CLANG_WARN_UNGUARDED_AVAILABILITY = YES_AGGRESSIVE;
				CLANG_WARN_UNREACHABLE_CODE = YES;
				CLANG_WARN__DUPLICATE_METHOD_MATCH = YES;
				COPY_PHASE_STRIP = NO;
				DEBUG_INFORMATION_FORMAT = dwarf;
				ENABLE_STRICT_OBJC_MSGSEND = YES;
				ENABLE_TESTABILITY = YES;
				GCC_C_LANGUAGE_STANDARD = gnu11;
				GCC_DYNAMIC_NO_PIC = NO;
				GCC_NO_COMMON_BLOCKS = YES;
				GCC_OPTIMIZATION_LEVEL = 0;
				GCC_PREPROCESSOR_DEFINITIONS = (
					"DEBUG=1",
					"$(inherited)",
				);
				GCC_WARN_64_TO_32_BIT_CONVERSION = YES;
				GCC_WARN_ABOUT_RETURN_TYPE = YES_ERROR;
				GCC_WARN_UNDECLARED_SELECTOR = YES;
				GCC_WARN_UNINITIALIZED_AUTOS = YES_AGGRESSIVE;
				GCC_WARN_UNUSED_FUNCTION = YES;
				GCC_WARN_UNUSED_VARIABLE = YES;
				IPHONEOS_DEPLOYMENT_TARGET = 16.0;
				MTL_ENABLE_DEBUG_INFO = INCLUDE_SOURCE;
				MTL_FAST_MATH = YES;
				ONLY_ACTIVE_ARCH = YES;
				SDKROOT = iphoneos;
				SWIFT_ACTIVE_COMPILATION_CONDITIONS = DEBUG;
				SWIFT_OPTIMIZATION_LEVEL = "-Onone";
			};
			name = Debug;
		};
		EC8A699F2987C05C00C62DA7 /* Release */ = {
			isa = XCBuildConfiguration;
			buildSettings = {
				ALWAYS_SEARCH_USER_PATHS = NO;
				CLANG_ANALYZER_NONNULL = YES;
				CLANG_ANALYZER_NUMBER_OBJECT_CONVERSION = YES_AGGRESSIVE;
				CLANG_CXX_LANGUAGE_STANDARD = "gnu++20";
				CLANG_ENABLE_MODULES = YES;
				CLANG_ENABLE_OBJC_ARC = YES;
				CLANG_ENABLE_OBJC_WEAK = YES;
				CLANG_WARN_BLOCK_CAPTURE_AUTORELEASING = YES;
				CLANG_WARN_BOOL_CONVERSION = YES;
				CLANG_WARN_COMMA = YES;
				CLANG_WARN_CONSTANT_CONVERSION = YES;
				CLANG_WARN_DEPRECATED_OBJC_IMPLEMENTATIONS = YES;
				CLANG_WARN_DIRECT_OBJC_ISA_USAGE = YES_ERROR;
				CLANG_WARN_DOCUMENTATION_COMMENTS = YES;
				CLANG_WARN_EMPTY_BODY = YES;
				CLANG_WARN_ENUM_CONVERSION = YES;
				CLANG_WARN_INFINITE_RECURSION = YES;
				CLANG_WARN_INT_CONVERSION = YES;
				CLANG_WARN_NON_LITERAL_NULL_CONVERSION = YES;
				CLANG_WARN_OBJC_IMPLICIT_RETAIN_SELF = YES;
				CLANG_WARN_OBJC_LITERAL_CONVERSION = YES;
				CLANG_WARN_OBJC_ROOT_CLASS = YES_ERROR;
				CLANG_WARN_QUOTED_INCLUDE_IN_FRAMEWORK_HEADER = YES;
				CLANG_WARN_RANGE_LOOP_ANALYSIS = YES;
				CLANG_WARN_STRICT_PROTOTYPES = YES;
				CLANG_WARN_SUSPICIOUS_MOVE = YES;
				CLANG_WARN_UNGUARDED_AVAILABILITY = YES_AGGRESSIVE;
				CLANG_WARN_UNREACHABLE_CODE = YES;
				CLANG_WARN__DUPLICATE_METHOD_MATCH = YES;
				COPY_PHASE_STRIP = NO;
				DEBUG_INFORMATION_FORMAT = "dwarf-with-dsym";
				ENABLE_NS_ASSERTIONS = NO;
				ENABLE_STRICT_OBJC_MSGSEND = YES;
				GCC_C_LANGUAGE_STANDARD = gnu11;
				GCC_NO_COMMON_BLOCKS = YES;
				GCC_WARN_64_TO_32_BIT_CONVERSION = YES;
				GCC_WARN_ABOUT_RETURN_TYPE = YES_ERROR;
				GCC_WARN_UNDECLARED_SELECTOR = YES;
				GCC_WARN_UNINITIALIZED_AUTOS = YES_AGGRESSIVE;
				GCC_WARN_UNUSED_FUNCTION = YES;
				GCC_WARN_UNUSED_VARIABLE = YES;
				IPHONEOS_DEPLOYMENT_TARGET = 16.0;
				MTL_ENABLE_DEBUG_INFO = NO;
				MTL_FAST_MATH = YES;
				SDKROOT = iphoneos;
				SWIFT_COMPILATION_MODE = wholemodule;
				SWIFT_OPTIMIZATION_LEVEL = "-O";
				VALIDATE_PRODUCT = YES;
			};
			name = Release;
		};
		EC8A69A12987C05C00C62DA7 /* Debug */ = {
			isa = XCBuildConfiguration;
			buildSettings = {
				ASSETCATALOG_COMPILER_APPICON_NAME = AppIcon;
				ASSETCATALOG_COMPILER_GLOBAL_ACCENT_COLOR_NAME = AccentColor;
				CODE_SIGN_STYLE = Automatic;
				CURRENT_PROJECT_VERSION = 1;
				DEVELOPMENT_TEAM = 3496F3A4HL;
				GENERATE_INFOPLIST_FILE = YES;
				INFOPLIST_FILE = MovieTrendingMVVM/Resources/Info.plist;
				INFOPLIST_KEY_UIApplicationSupportsIndirectInputEvents = YES;
				INFOPLIST_KEY_UILaunchStoryboardName = LaunchScreen;
				INFOPLIST_KEY_UIMainStoryboardFile = "";
				INFOPLIST_KEY_UISupportedInterfaceOrientations = UIInterfaceOrientationPortrait;
				INFOPLIST_KEY_UISupportedInterfaceOrientations_iPad = "UIInterfaceOrientationLandscapeLeft UIInterfaceOrientationLandscapeRight UIInterfaceOrientationPortrait UIInterfaceOrientationPortraitUpsideDown";
				IPHONEOS_DEPLOYMENT_TARGET = 14.5;
				LD_RUNPATH_SEARCH_PATHS = (
					"$(inherited)",
					"@executable_path/Frameworks",
				);
				MARKETING_VERSION = 1.0;
				PRODUCT_BUNDLE_IDENTIFIER = com.my.MovieTrendingMVVM;
				PRODUCT_NAME = "$(TARGET_NAME)";
				SUPPORTED_PLATFORMS = "iphoneos iphonesimulator";
				SUPPORTS_MACCATALYST = NO;
				SUPPORTS_MAC_DESIGNED_FOR_IPHONE_IPAD = NO;
				SWIFT_EMIT_LOC_STRINGS = YES;
				SWIFT_VERSION = 5.0;
				TARGETED_DEVICE_FAMILY = 1;
			};
			name = Debug;
		};
		EC8A69A22987C05C00C62DA7 /* Release */ = {
			isa = XCBuildConfiguration;
			buildSettings = {
				ASSETCATALOG_COMPILER_APPICON_NAME = AppIcon;
				ASSETCATALOG_COMPILER_GLOBAL_ACCENT_COLOR_NAME = AccentColor;
				CODE_SIGN_STYLE = Automatic;
				CURRENT_PROJECT_VERSION = 1;
				DEVELOPMENT_TEAM = 3496F3A4HL;
				GENERATE_INFOPLIST_FILE = YES;
				INFOPLIST_FILE = MovieTrendingMVVM/Resources/Info.plist;
				INFOPLIST_KEY_UIApplicationSupportsIndirectInputEvents = YES;
				INFOPLIST_KEY_UILaunchStoryboardName = LaunchScreen;
				INFOPLIST_KEY_UIMainStoryboardFile = "";
				INFOPLIST_KEY_UISupportedInterfaceOrientations = UIInterfaceOrientationPortrait;
				INFOPLIST_KEY_UISupportedInterfaceOrientations_iPad = "UIInterfaceOrientationLandscapeLeft UIInterfaceOrientationLandscapeRight UIInterfaceOrientationPortrait UIInterfaceOrientationPortraitUpsideDown";
				IPHONEOS_DEPLOYMENT_TARGET = 14.5;
				LD_RUNPATH_SEARCH_PATHS = (
					"$(inherited)",
					"@executable_path/Frameworks",
				);
				MARKETING_VERSION = 1.0;
				PRODUCT_BUNDLE_IDENTIFIER = com.my.MovieTrendingMVVM;
				PRODUCT_NAME = "$(TARGET_NAME)";
				SUPPORTED_PLATFORMS = "iphoneos iphonesimulator";
				SUPPORTS_MACCATALYST = NO;
				SUPPORTS_MAC_DESIGNED_FOR_IPHONE_IPAD = NO;
				SWIFT_EMIT_LOC_STRINGS = YES;
				SWIFT_VERSION = 5.0;
				TARGETED_DEVICE_FAMILY = 1;
			};
			name = Release;
		};
/* End XCBuildConfiguration section */

/* Begin XCConfigurationList section */
		EC8A69872987C05B00C62DA7 /* Build configuration list for PBXProject "MovieTrendingMVVM" */ = {
			isa = XCConfigurationList;
			buildConfigurations = (
				EC8A699E2987C05C00C62DA7 /* Debug */,
				EC8A699F2987C05C00C62DA7 /* Release */,
			);
			defaultConfigurationIsVisible = 0;
			defaultConfigurationName = Release;
		};
		EC8A69A02987C05C00C62DA7 /* Build configuration list for PBXNativeTarget "MovieTrendingMVVM" */ = {
			isa = XCConfigurationList;
			buildConfigurations = (
				EC8A69A12987C05C00C62DA7 /* Debug */,
				EC8A69A22987C05C00C62DA7 /* Release */,
			);
			defaultConfigurationIsVisible = 0;
			defaultConfigurationName = Release;
		};
/* End XCConfigurationList section */

/* Begin XCRemoteSwiftPackageReference section */
		EC8A69C42988648700C62DA7 /* XCRemoteSwiftPackageReference "SDWebImage" */ = {
			isa = XCRemoteSwiftPackageReference;
			repositoryURL = "https://github.com/SDWebImage/SDWebImage.git";
			requirement = {
				branch = master;
				kind = branch;
			};
		};
/* End XCRemoteSwiftPackageReference section */

/* Begin XCSwiftPackageProductDependency section */
		EC8A69C52988648700C62DA7 /* SDWebImage */ = {
			isa = XCSwiftPackageProductDependency;
			package = EC8A69C42988648700C62DA7 /* XCRemoteSwiftPackageReference "SDWebImage" */;
			productName = SDWebImage;
		};
/* End XCSwiftPackageProductDependency section */
	};
	rootObject = EC8A69842987C05B00C62DA7 /* Project object */;
}
